github.com/kenzidjulfri/go-say-hello v1.0.0 h1:fVCdfI+Noi53g2u6BtDhwvSm0/H14bJWx2gHRSYbMmA=
github.com/kenzidjulfri/go-say-hello v1.0.0/go.mod h1:+fEmhwDUOYZZ8lsQjmKYbn835vvFZ4WZ6EvcfJm3HvM=
github.com/kenzidjulfri/go-say-hello v1.0.1 h1:DEQVPErGCxC6SgxVzJK6pEd1jJDfldNpeNG3zKbKIKY=
github.com/kenzidjulfri/go-say-hello v1.0.1/go.mod h1:+fEmhwDUOYZZ8lsQjmKYbn835vvFZ4WZ6EvcfJm3HvM=
github.com/kenzidjulfri/go-say-hello/v2 v2.0.0 h1:JPKwnKSU+WrD60dMZTpUJH2jIXw3r/9scPFSaZqUlLc=
github.com/kenzidjulfri/go-say-hello/v2 v2.0.0/go.mod h1:ciPArg61wzQoaQoOQr2Gi+Vh1pHgsN4SbOmu11SK/EQ=
